// !$*UTF8*$!
{
	archiveVersion = 1;
	classes = {
	};
	objectVersion = 48;
	objects = {

/* Begin PBXBuildFile section */
		B5D9B8902134BAA000ACA461 /* AppDelegate.swift in Sources */ = {isa = PBXBuildFile; fileRef = B5D9B88F2134BAA000ACA461 /* AppDelegate.swift */; };
		B5D9B8922134BAA000ACA461 /* ViewController.swift in Sources */ = {isa = PBXBuildFile; fileRef = B5D9B8912134BAA000ACA461 /* ViewController.swift */; };
		B5D9B8952134BAA000ACA461 /* Main.storyboard in Resources */ = {isa = PBXBuildFile; fileRef = B5D9B8932134BAA000ACA461 /* Main.storyboard */; };
		B5D9B8972134BAA000ACA461 /* Assets.xcassets in Resources */ = {isa = PBXBuildFile; fileRef = B5D9B8962134BAA000ACA461 /* Assets.xcassets */; };
		B5D9B89A2134BAA000ACA461 /* LaunchScreen.storyboard in Resources */ = {isa = PBXBuildFile; fileRef = B5D9B8982134BAA000ACA461 /* LaunchScreen.storyboard */; };
		B5D9B8A52134BAA000ACA461 /* tipcalculatorTests.swift in Sources */ = {isa = PBXBuildFile; fileRef = B5D9B8A42134BAA000ACA461 /* tipcalculatorTests.swift */; };
		B5D9B8B02134BAA000ACA461 /* tipcalculatorUITests.swift in Sources */ = {isa = PBXBuildFile; fileRef = B5D9B8AF2134BAA000ACA461 /* tipcalculatorUITests.swift */; };
/* End PBXBuildFile section */

/* Begin PBXContainerItemProxy section */
		B5D9B8A12134BAA000ACA461 /* PBXContainerItemProxy */ = {
			isa = PBXContainerItemProxy;
			containerPortal = B5D9B8842134BAA000ACA461 /* Project object */;
			proxyType = 1;
			remoteGlobalIDString = B5D9B88B2134BAA000ACA461;
			remoteInfo = tipcalculator;
		};
		B5D9B8AC2134BAA000ACA461 /* PBXContainerItemProxy */ = {
			isa = PBXContainerItemProxy;
			containerPortal = B5D9B8842134BAA000ACA461 /* Project object */;
			proxyType = 1;
			remoteGlobalIDString = B5D9B88B2134BAA000ACA461;
			remoteInfo = tipcalculator;
		};
/* End PBXContainerItemProxy section */

/* Begin PBXFileReference section */
		B5D9B88C2134BAA000ACA461 /* tipcalculator.app */ = {isa = PBXFileReference; explicitFileType = wrapper.application; includeInIndex = 0; path = tipcalculator.app; sourceTree = BUILT_PRODUCTS_DIR; };
		B5D9B88F2134BAA000ACA461 /* AppDelegate.swift */ = {isa = PBXFileReference; lastKnownFileType = sourcecode.swift; path = AppDelegate.swift; sourceTree = "<group>"; };
		B5D9B8912134BAA000ACA461 /* ViewController.swift */ = {isa = PBXFileReference; lastKnownFileType = sourcecode.swift; path = ViewController.swift; sourceTree = "<group>"; };
		B5D9B8942134BAA000ACA461 /* Base */ = {isa = PBXFileReference; lastKnownFileType = file.storyboard; name = Base; path = Base.lproj/Main.storyboard; sourceTree = "<group>"; };
		B5D9B8962134BAA000ACA461 /* Assets.xcassets */ = {isa = PBXFileReference; lastKnownFileType = folder.assetcatalog; path = Assets.xcassets; sourceTree = "<group>"; };
		B5D9B8992134BAA000ACA461 /* Base */ = {isa = PBXFileReference; lastKnownFileType = file.storyboard; name = Base; path = Base.lproj/LaunchScreen.storyboard; sourceTree = "<group>"; };
		B5D9B89B2134BAA000ACA461 /* Info.plist */ = {isa = PBXFileReference; lastKnownFileType = text.plist.xml; path = Info.plist; sourceTree = "<group>"; };
		B5D9B8A02134BAA000ACA461 /* tipcalculatorTests.xctest */ = {isa = PBXFileReference; explicitFileType = wrapper.cfbundle; includeInIndex = 0; path = tipcalculatorTests.xctest; sourceTree = BUILT_PRODUCTS_DIR; };
		B5D9B8A42134BAA000ACA461 /* tipcalculatorTests.swift */ = {isa = PBXFileReference; lastKnownFileType = sourcecode.swift; path = tipcalculatorTests.swift; sourceTree = "<group>"; };
		B5D9B8A62134BAA000ACA461 /* Info.plist */ = {isa = PBXFileReference; lastKnownFileType = text.plist.xml; path = Info.plist; sourceTree = "<group>"; };
		B5D9B8AB2134BAA000ACA461 /* tipcalculatorUITests.xctest */ = {isa = PBXFileReference; explicitFileType = wrapper.cfbundle; includeInIndex = 0; path = tipcalculatorUITests.xctest; sourceTree = BUILT_PRODUCTS_DIR; };
		B5D9B8AF2134BAA000ACA461 /* tipcalculatorUITests.swift */ = {isa = PBXFileReference; lastKnownFileType = sourcecode.swift; path = tipcalculatorUITests.swift; sourceTree = "<group>"; };
		B5D9B8B12134BAA000ACA461 /* Info.plist */ = {isa = PBXFileReference; lastKnownFileType = text.plist.xml; path = Info.plist; sourceTree = "<group>"; };
/* End PBXFileReference section */

/* Begin PBXFrameworksBuildPhase section */
		B5D9B8892134BAA000ACA461 /* Frameworks */ = {
			isa = PBXFrameworksBuildPhase;
			buildActionMask = 2147483647;
			files = (
			);
			runOnlyForDeploymentPostprocessing = 0;
		};
		B5D9B89D2134BAA000ACA461 /* Frameworks */ = {
			isa = PBXFrameworksBuildPhase;
			buildActionMask = 2147483647;
			files = (
			);
			runOnlyForDeploymentPostprocessing = 0;
		};
		B5D9B8A82134BAA000ACA461 /* Frameworks */ = {
			isa = PBXFrameworksBuildPhase;
			buildActionMask = 2147483647;
			files = (
			);
			runOnlyForDeploymentPostprocessing = 0;
		};
/* End PBXFrameworksBuildPhase section */

/* Begin PBXGroup section */
		B5D9B8832134BAA000ACA461 = {
			isa = PBXGroup;
			children = (
				B5D9B88E2134BAA000ACA461 /* tipcalculator */,
				B5D9B8A32134BAA000ACA461 /* tipcalculatorTests */,
				B5D9B8AE2134BAA000ACA461 /* tipcalculatorUITests */,
				B5D9B88D2134BAA000ACA461 /* Products */,
			);
			sourceTree = "<group>";
		};
		B5D9B88D2134BAA000ACA461 /* Products */ = {
			isa = PBXGroup;
			children = (
				B5D9B88C2134BAA000ACA461 /* tipcalculator.app */,
				B5D9B8A02134BAA000ACA461 /* tipcalculatorTests.xctest */,
				B5D9B8AB2134BAA000ACA461 /* tipcalculatorUITests.xctest */,
			);
			name = Products;
			sourceTree = "<group>";
		};
		B5D9B88E2134BAA000ACA461 /* tipcalculator */ = {
			isa = PBXGroup;
			children = (
				B5D9B88F2134BAA000ACA461 /* AppDelegate.swift */,
				B5D9B8912134BAA000ACA461 /* ViewController.swift */,
				B5D9B8932134BAA000ACA461 /* Main.storyboard */,
				B5D9B8962134BAA000ACA461 /* Assets.xcassets */,
				B5D9B8982134BAA000ACA461 /* LaunchScreen.storyboard */,
				B5D9B89B2134BAA000ACA461 /* Info.plist */,
			);
			path = tipcalculator;
			sourceTree = "<group>";
		};
		B5D9B8A32134BAA000ACA461 /* tipcalculatorTests */ = {
			isa = PBXGroup;
			children = (
				B5D9B8A42134BAA000ACA461 /* tipcalculatorTests.swift */,
				B5D9B8A62134BAA000ACA461 /* Info.plist */,
			);
			path = tipcalculatorTests;
			sourceTree = "<group>";
		};
		B5D9B8AE2134BAA000ACA461 /* tipcalculatorUITests */ = {
			isa = PBXGroup;
			children = (
				B5D9B8AF2134BAA000ACA461 /* tipcalculatorUITests.swift */,
				B5D9B8B12134BAA000ACA461 /* Info.plist */,
			);
			path = tipcalculatorUITests;
			sourceTree = "<group>";
		};
/* End PBXGroup section */

/* Begin PBXNativeTarget section */
		B5D9B88B2134BAA000ACA461 /* tipcalculator */ = {
			isa = PBXNativeTarget;
			buildConfigurationList = B5D9B8B42134BAA000ACA461 /* Build configuration list for PBXNativeTarget "tipcalculator" */;
			buildPhases = (
				B5D9B8882134BAA000ACA461 /* Sources */,
				B5D9B8892134BAA000ACA461 /* Frameworks */,
				B5D9B88A2134BAA000ACA461 /* Resources */,
			);
			buildRules = (
			);
			dependencies = (
			);
			name = tipcalculator;
			productName = tipcalculator;
			productReference = B5D9B88C2134BAA000ACA461 /* tipcalculator.app */;
			productType = "com.apple.product-type.application";
		};
		B5D9B89F2134BAA000ACA461 /* tipcalculatorTests */ = {
			isa = PBXNativeTarget;
			buildConfigurationList = B5D9B8B72134BAA000ACA461 /* Build configuration list for PBXNativeTarget "tipcalculatorTests" */;
			buildPhases = (
				B5D9B89C2134BAA000ACA461 /* Sources */,
				B5D9B89D2134BAA000ACA461 /* Frameworks */,
				B5D9B89E2134BAA000ACA461 /* Resources */,
			);
			buildRules = (
			);
			dependencies = (
				B5D9B8A22134BAA000ACA461 /* PBXTargetDependency */,
			);
			name = tipcalculatorTests;
			productName = tipcalculatorTests;
			productReference = B5D9B8A02134BAA000ACA461 /* tipcalculatorTests.xctest */;
			productType = "com.apple.product-type.bundle.unit-test";
		};
		B5D9B8AA2134BAA000ACA461 /* tipcalculatorUITests */ = {
			isa = PBXNativeTarget;
			buildConfigurationList = B5D9B8BA2134BAA000ACA461 /* Build configuration list for PBXNativeTarget "tipcalculatorUITests" */;
			buildPhases = (
				B5D9B8A72134BAA000ACA461 /* Sources */,
				B5D9B8A82134BAA000ACA461 /* Frameworks */,
				B5D9B8A92134BAA000ACA461 /* Resources */,
			);
			buildRules = (
			);
			dependencies = (
				B5D9B8AD2134BAA000ACA461 /* PBXTargetDependency */,
			);
			name = tipcalculatorUITests;
			productName = tipcalculatorUITests;
			productReference = B5D9B8AB2134BAA000ACA461 /* tipcalculatorUITests.xctest */;
			productType = "com.apple.product-type.bundle.ui-testing";
		};
/* End PBXNativeTarget section */

/* Begin PBXProject section */
		B5D9B8842134BAA000ACA461 /* Project object */ = {
			isa = PBXProject;
			attributes = {
				LastSwiftUpdateCheck = 0920;
				LastUpgradeCheck = 0920;
				ORGANIZATIONNAME = "hongzhi Pan";
				TargetAttributes = {
					B5D9B88B2134BAA000ACA461 = {
						CreatedOnToolsVersion = 9.2;
						ProvisioningStyle = Automatic;
					};
					B5D9B89F2134BAA000ACA461 = {
						CreatedOnToolsVersion = 9.2;
						ProvisioningStyle = Automatic;
						TestTargetID = B5D9B88B2134BAA000ACA461;
					};
					B5D9B8AA2134BAA000ACA461 = {
						CreatedOnToolsVersion = 9.2;
						ProvisioningStyle = Automatic;
						TestTargetID = B5D9B88B2134BAA000ACA461;
					};
				};
			};
			buildConfigurationList = B5D9B8872134BAA000ACA461 /* Build configuration list for PBXProject "tipcalculator" */;
			compatibilityVersion = "Xcode 8.0";
			developmentRegion = en;
			hasScannedForEncodings = 0;
			knownRegions = (
				en,
				Base,
			);
			mainGroup = B5D9B8832134BAA000ACA461;
			productRefGroup = B5D9B88D2134BAA000ACA461 /* Products */;
			projectDirPath = "";
			projectRoot = "";
			targets = (
				B5D9B88B2134BAA000ACA461 /* tipcalculator */,
				B5D9B89F2134BAA000ACA461 /* tipcalculatorTests */,
				B5D9B8AA2134BAA000ACA461 /* tipcalculatorUITests */,
			);
		};
/* End PBXProject section */

/* Begin PBXResourcesBuildPhase section */
		B5D9B88A2134BAA000ACA461 /* Resources */ = {
			isa = PBXResourcesBuildPhase;
			buildActionMask = 2147483647;
			files = (
				B5D9B89A2134BAA000ACA461 /* LaunchScreen.storyboard in Resources */,
				B5D9B8972134BAA000ACA461 /* Assets.xcassets in Resources */,
				B5D9B8952134BAA000ACA461 /* Main.storyboard in Resources */,
			);
			runOnlyForDeploymentPostprocessing = 0;
		};
		B5D9B89E2134BAA000ACA461 /* Resources */ = {
			isa = PBXResourcesBuildPhase;
			buildActionMask = 2147483647;
			files = (
			);
			runOnlyForDeploymentPostprocessing = 0;
		};
		B5D9B8A92134BAA000ACA461 /* Resources */ = {
			isa = PBXResourcesBuildPhase;
			buildActionMask = 2147483647;
			files = (
			);
			runOnlyForDeploymentPostprocessing = 0;
		};
/* End PBXResourcesBuildPhase section */

/* Begin PBXSourcesBuildPhase section */
		B5D9B8882134BAA000ACA461 /* Sources */ = {
			isa = PBXSourcesBuildPhase;
			buildActionMask = 2147483647;
			files = (
				B5D9B8922134BAA000ACA461 /* ViewController.swift in Sources */,
				B5D9B8902134BAA000ACA461 /* AppDelegate.swift in Sources */,
			);
			runOnlyForDeploymentPostprocessing = 0;
		};
		B5D9B89C2134BAA000ACA461 /* Sources */ = {
			isa = PBXSourcesBuildPhase;
			buildActionMask = 2147483647;
			files = (
				B5D9B8A52134BAA000ACA461 /* tipcalculatorTests.swift in Sources */,
			);
			runOnlyForDeploymentPostprocessing = 0;
		};
		B5D9B8A72134BAA000ACA461 /* Sources */ = {
			isa = PBXSourcesBuildPhase;
			buildActionMask = 2147483647;
			files = (
				B5D9B8B02134BAA000ACA461 /* tipcalculatorUITests.swift in Sources */,
			);
			runOnlyForDeploymentPostprocessing = 0;
		};
/* End PBXSourcesBuildPhase section */

/* Begin PBXTargetDependency section */
		B5D9B8A22134BAA000ACA461 /* PBXTargetDependency */ = {
			isa = PBXTargetDependency;
			target = B5D9B88B2134BAA000ACA461 /* tipcalculator */;
			targetProxy = B5D9B8A12134BAA000ACA461 /* PBXContainerItemProxy */;
		};
		B5D9B8AD2134BAA000ACA461 /* PBXTargetDependency */ = {
			isa = PBXTargetDependency;
			target = B5D9B88B2134BAA000ACA461 /* tipcalculator */;
			targetProxy = B5D9B8AC2134BAA000ACA461 /* PBXContainerItemProxy */;
		};
/* End PBXTargetDependency section */

/* Begin PBXVariantGroup section */
		B5D9B8932134BAA000ACA461 /* Main.storyboard */ = {
			isa = PBXVariantGroup;
			children = (
				B5D9B8942134BAA000ACA461 /* Base */,
			);
			name = Main.storyboard;
			sourceTree = "<group>";
		};
		B5D9B8982134BAA000ACA461 /* LaunchScreen.storyboard */ = {
			isa = PBXVariantGroup;
			children = (
				B5D9B8992134BAA000ACA461 /* Base */,
			);
			name = LaunchScreen.storyboard;
			sourceTree = "<group>";
		};
/* End PBXVariantGroup section */

/* Begin XCBuildConfiguration section */
		B5D9B8B22134BAA000ACA461 /* Debug */ = {
			isa = XCBuildConfiguration;
			buildSettings = {
				ALWAYS_SEARCH_USER_PATHS = NO;
				CLANG_ANALYZER_NONNULL = YES;
				CLANG_ANALYZER_NUMBER_OBJECT_CONVERSION = YES_AGGRESSIVE;
				CLANG_CXX_LANGUAGE_STANDARD = "gnu++14";
				CLANG_CXX_LIBRARY = "libc++";
				CLANG_ENABLE_MODULES = YES;
				CLANG_ENABLE_OBJC_ARC = YES;
				CLANG_WARN_BLOCK_CAPTURE_AUTORELEASING = YES;
				CLANG_WARN_BOOL_CONVERSION = YES;
				CLANG_WARN_COMMA = YES;
				CLANG_WARN_CONSTANT_CONVERSION = YES;
				CLANG_WARN_DIRECT_OBJC_ISA_USAGE = YES_ERROR;
				CLANG_WARN_DOCUMENTATION_COMMENTS = YES;
				CLANG_WARN_EMPTY_BODY = YES;
				CLANG_WARN_ENUM_CONVERSION = YES;
				CLANG_WARN_INFINITE_RECURSION = YES;
				CLANG_WARN_INT_CONVERSION = YES;
				CLANG_WARN_NON_LITERAL_NULL_CONVERSION = YES;
				CLANG_WARN_OBJC_LITERAL_CONVERSION = YES;
				CLANG_WARN_OBJC_ROOT_CLASS = YES_ERROR;
				CLANG_WARN_RANGE_LOOP_ANALYSIS = YES;
				CLANG_WARN_STRICT_PROTOTYPES = YES;
				CLANG_WARN_SUSPICIOUS_MOVE = YES;
				CLANG_WARN_UNGUARDED_AVAILABILITY = YES_AGGRESSIVE;
				CLANG_WARN_UNREACHABLE_CODE = YES;
				CLANG_WARN__DUPLICATE_METHOD_MATCH = YES;
				CODE_SIGN_IDENTITY = "iPhone Developer";
				COPY_PHASE_STRIP = NO;
				DEBUG_INFORMATION_FORMAT = dwarf;
				ENABLE_STRICT_OBJC_MSGSEND = YES;
				ENABLE_TESTABILITY = YES;
				GCC_C_LANGUAGE_STANDARD = gnu11;
				GCC_DYNAMIC_NO_PIC = NO;
				GCC_NO_COMMON_BLOCKS = YES;
				GCC_OPTIMIZATION_LEVEL = 0;
				GCC_PREPROCESSOR_DEFINITIONS = (
					"DEBUG=1",
					"$(inherited)",
				);
				GCC_WARN_64_TO_32_BIT_CONVERSION = YES;
				GCC_WARN_ABOUT_RETURN_TYPE = YES_ERROR;
				GCC_WARN_UNDECLARED_SELECTOR = YES;
				GCC_WARN_UNINITIALIZED_AUTOS = YES_AGGRESSIVE;
				GCC_WARN_UNUSED_FUNCTION = YES;
				GCC_WARN_UNUSED_VARIABLE = YES;
				IPHONEOS_DEPLOYMENT_TARGET = 11.2;
				MTL_ENABLE_DEBUG_INFO = YES;
				ONLY_ACTIVE_ARCH = YES;
				SDKROOT = iphoneos;
				SWIFT_ACTIVE_COMPILATION_CONDITIONS = DEBUG;
				SWIFT_OPTIMIZATION_LEVEL = "-Onone";
			};
			name = Debug;
		};
		B5D9B8B32134BAA000ACA461 /* Release */ = {
			isa = XCBuildConfiguration;
			buildSettings = {
				ALWAYS_SEARCH_USER_PATHS = NO;
				CLANG_ANALYZER_NONNULL = YES;
				CLANG_ANALYZER_NUMBER_OBJECT_CONVERSION = YES_AGGRESSIVE;
				CLANG_CXX_LANGUAGE_STANDARD = "gnu++14";
				CLANG_CXX_LIBRARY = "libc++";
				CLANG_ENABLE_MODULES = YES;
				CLANG_ENABLE_OBJC_ARC = YES;
				CLANG_WARN_BLOCK_CAPTURE_AUTORELEASING = YES;
				CLANG_WARN_BOOL_CONVERSION = YES;
				CLANG_WARN_COMMA = YES;
				CLANG_WARN_CONSTANT_CONVERSION = YES;
				CLANG_WARN_DIRECT_OBJC_ISA_USAGE = YES_ERROR;
				CLANG_WARN_DOCUMENTATION_COMMENTS = YES;
				CLANG_WARN_EMPTY_BODY = YES;
				CLANG_WARN_ENUM_CONVERSION = YES;
				CLANG_WARN_INFINITE_RECURSION = YES;
				CLANG_WARN_INT_CONVERSION = YES;
				CLANG_WARN_NON_LITERAL_NULL_CONVERSION = YES;
				CLANG_WARN_OBJC_LITERAL_CONVERSION = YES;
				CLANG_WARN_OBJC_ROOT_CLASS = YES_ERROR;
				CLANG_WARN_RANGE_LOOP_ANALYSIS = YES;
				CLANG_WARN_STRICT_PROTOTYPES = YES;
				CLANG_WARN_SUSPICIOUS_MOVE = YES;
				CLANG_WARN_UNGUARDED_AVAILABILITY = YES_AGGRESSIVE;
				CLANG_WARN_UNREACHABLE_CODE = YES;
				CLANG_WARN__DUPLICATE_METHOD_MATCH = YES;
				CODE_SIGN_IDENTITY = "iPhone Developer";
				COPY_PHASE_STRIP = NO;
				DEBUG_INFORMATION_FORMAT = "dwarf-with-dsym";
				ENABLE_NS_ASSERTIONS = NO;
				ENABLE_STRICT_OBJC_MSGSEND = YES;
				GCC_C_LANGUAGE_STANDARD = gnu11;
				GCC_NO_COMMON_BLOCKS = YES;
				GCC_WARN_64_TO_32_BIT_CONVERSION = YES;
				GCC_WARN_ABOUT_RETURN_TYPE = YES_ERROR;
				GCC_WARN_UNDECLARED_SELECTOR = YES;
				GCC_WARN_UNINITIALIZED_AUTOS = YES_AGGRESSIVE;
				GCC_WARN_UNUSED_FUNCTION = YES;
				GCC_WARN_UNUSED_VARIABLE = YES;
				IPHONEOS_DEPLOYMENT_TARGET = 11.2;
				MTL_ENABLE_DEBUG_INFO = NO;
				SDKROOT = iphoneos;
				SWIFT_OPTIMIZATION_LEVEL = "-Owholemodule";
				VALIDATE_PRODUCT = YES;
			};
			name = Release;
		};
		B5D9B8B52134BAA000ACA461 /* Debug */ = {
			isa = XCBuildConfiguration;
			buildSettings = {
				ASSETCATALOG_COMPILER_APPICON_NAME = AppIcon;
				CODE_SIGN_STYLE = Automatic;
				INFOPLIST_FILE = tipcalculator/Info.plist;
				LD_RUNPATH_SEARCH_PATHS = "$(inherited) @executable_path/Frameworks";
				PRODUCT_BUNDLE_IDENTIFIER = test.tipcalculator;
				PRODUCT_NAME = "$(TARGET_NAME)";
				SWIFT_VERSION = 4.0;
				TARGETED_DEVICE_FAMILY = "1,2";
			};
			name = Debug;
		};
		B5D9B8B62134BAA000ACA461 /* Release */ = {
			isa = XCBuildConfiguration;
			buildSettings = {
				ASSETCATALOG_COMPILER_APPICON_NAME = AppIcon;
				CODE_SIGN_STYLE = Automatic;
				INFOPLIST_FILE = tipcalculator/Info.plist;
				LD_RUNPATH_SEARCH_PATHS = "$(inherited) @executable_path/Frameworks";
				PRODUCT_BUNDLE_IDENTIFIER = test.tipcalculator;
				PRODUCT_NAME = "$(TARGET_NAME)";
				SWIFT_VERSION = 4.0;
				TARGETED_DEVICE_FAMILY = "1,2";
			};
			name = Release;
		};
		B5D9B8B82134BAA000ACA461 /* Debug */ = {
			isa = XCBuildConfiguration;
			buildSettings = {
				ALWAYS_EMBED_SWIFT_STANDARD_LIBRARIES = YES;
				BUNDLE_LOADER = "$(TEST_HOST)";
				CODE_SIGN_STYLE = Automatic;
				INFOPLIST_FILE = tipcalculatorTests/Info.plist;
				LD_RUNPATH_SEARCH_PATHS = "$(inherited) @executable_path/Frameworks @loader_path/Frameworks";
				PRODUCT_BUNDLE_IDENTIFIER = test.tipcalculatorTests;
				PRODUCT_NAME = "$(TARGET_NAME)";
				SWIFT_VERSION = 4.0;
				TARGETED_DEVICE_FAMILY = "1,2";
				TEST_HOST = "$(BUILT_PRODUCTS_DIR)/tipcalculator.app/tipcalculator";
			};
			name = Debug;
		};
		B5D9B8B92134BAA000ACA461 /* Release */ = {
			isa = XCBuildConfiguration;
			buildSettings = {
				ALWAYS_EMBED_SWIFT_STANDARD_LIBRARIES = YES;
				BUNDLE_LOADER = "$(TEST_HOST)";
				CODE_SIGN_STYLE = Automatic;
				INFOPLIST_FILE = tipcalculatorTests/Info.plist;
				LD_RUNPATH_SEARCH_PATHS = "$(inherited) @executable_path/Frameworks @loader_path/Frameworks";
				PRODUCT_BUNDLE_IDENTIFIER = test.tipcalculatorTests;
				PRODUCT_NAME = "$(TARGET_NAME)";
				SWIFT_VERSION = 4.0;
				TARGETED_DEVICE_FAMILY = "1,2";
				TEST_HOST = "$(BUILT_PRODUCTS_DIR)/tipcalculator.app/tipcalculator";
			};
			name = Release;
		};
		B5D9B8BB2134BAA000ACA461 /* Debug */ = {
			isa = XCBuildConfiguration;
			buildSettings = {
				ALWAYS_EMBED_SWIFT_STANDARD_LIBRARIES = YES;
				CODE_SIGN_STYLE = Automatic;
				INFOPLIST_FILE = tipcalculatorUITests/Info.plist;
				LD_RUNPATH_SEARCH_PATHS = "$(inherited) @executable_path/Frameworks @loader_path/Frameworks";
				PRODUCT_BUNDLE_IDENTIFIER = test.tipcalculatorUITests;
				PRODUCT_NAME = "$(TARGET_NAME)";
				SWIFT_VERSION = 4.0;
				TARGETED_DEVICE_FAMILY = "1,2";
				TEST_TARGET_NAME = tipcalculator;
			};
			name = Debug;
		};
		B5D9B8BC2134BAA000ACA461 /* Release */ = {
			isa = XCBuildConfiguration;
			buildSettings = {
				ALWAYS_EMBED_SWIFT_STANDARD_LIBRARIES = YES;
				CODE_SIGN_STYLE = Automatic;
				INFOPLIST_FILE = tipcalculatorUITests/Info.plist;
				LD_RUNPATH_SEARCH_PATHS = "$(inherited) @executable_path/Frameworks @loader_path/Frameworks";
				PRODUCT_BUNDLE_IDENTIFIER = test.tipcalculatorUITests;
				PRODUCT_NAME = "$(TARGET_NAME)";
				SWIFT_VERSION = 4.0;
				TARGETED_DEVICE_FAMILY = "1,2";
				TEST_TARGET_NAME = tipcalculator;
			};
			name = Release;
		};
/* End XCBuildConfiguration section */

/* Begin XCConfigurationList section */
		B5D9B8872134BAA000ACA461 /* Build configuration list for PBXProject "tipcalculator" */ = {
			isa = XCConfigurationList;
			buildConfigurations = (
				B5D9B8B22134BAA000ACA461 /* Debug */,
				B5D9B8B32134BAA000ACA461 /* Release */,
			);
			defaultConfigurationIsVisible = 0;
			defaultConfigurationName = Release;
		};
		B5D9B8B42134BAA000ACA461 /* Build configuration list for PBXNativeTarget "tipcalculator" */ = {
			isa = XCConfigurationList;
			buildConfigurations = (
				B5D9B8B52134BAA000ACA461 /* Debug */,
				B5D9B8B62134BAA000ACA461 /* Release */,
			);
			defaultConfigurationIsVisible = 0;
			defaultConfigurationName = Release;
		};
		B5D9B8B72134BAA000ACA461 /* Build configuration list for PBXNativeTarget "tipcalculatorTests" */ = {
			isa = XCConfigurationList;
			buildConfigurations = (
				B5D9B8B82134BAA000ACA461 /* Debug */,
				B5D9B8B92134BAA000ACA461 /* Release */,
			);
			defaultConfigurationIsVisible = 0;
			defaultConfigurationName = Release;
		};
		B5D9B8BA2134BAA000ACA461 /* Build configuration list for PBXNativeTarget "tipcalculatorUITests" */ = {
			isa = XCConfigurationList;
			buildConfigurations = (
				B5D9B8BB2134BAA000ACA461 /* Debug */,
				B5D9B8BC2134BAA000ACA461 /* Release */,
			);
			defaultConfigurationIsVisible = 0;
			defaultConfigurationName = Release;
		};
/* End XCConfigurationList section */
	};
	rootObject = B5D9B8842134BAA000ACA461 /* Project object */;
}
